
Microsoft Visual Studio Solution File, Format Version 12.00
# Visual Studio Version 16
VisualStudioVersion = 16.0.30413.136
MinimumVisualStudioVersion = 10.0.40219.1
Project("{FAE04EC0-301F-11D3-BF4B-00C04F79EFBC}") = "Laboratorio02_EDII", "Laboratorio02_EDII\Laboratorio02_EDII.csproj", "{5C1F31A8-A256-4929-84E7-387C8558D235}"
EndProject
Project("{FAE04EC0-301F-11D3-BF4B-00C04F79EFBC}") = "BibliotecaDeClases", "BibliotecaDeClases\BibliotecaDeClases.csproj", "{CCCE34F2-D78B-4FEE-9C5E-B6D3F1BE567F}"
EndProject
Project("{FAE04EC0-301F-11D3-BF4B-00C04F79EFBC}") = "ConsolaDePruebas", "ConsolaDePruebas\ConsolaDePruebas.csproj", "{BF91CA26-0B53-4290-9BD4-7E89366B27B0}"
EndProject
Global
	GlobalSection(SolutionConfigurationPlatforms) = preSolution
		Debug|Any CPU = Debug|Any CPU
		Release|Any CPU = Release|Any CPU
	EndGlobalSection
	GlobalSection(ProjectConfigurationPlatforms) = postSolution
		{5C1F31A8-A256-4929-84E7-387C8558D235}.Debug|Any CPU.ActiveCfg = Debug|Any CPU
		{5C1F31A8-A256-4929-84E7-387C8558D235}.Debug|Any CPU.Build.0 = Debug|Any CPU
		{5C1F31A8-A256-4929-84E7-387C8558D235}.Release|Any CPU.ActiveCfg = Release|Any CPU
		{5C1F31A8-A256-4929-84E7-387C8558D235}.Release|Any CPU.Build.0 = Release|Any CPU
		{CCCE34F2-D78B-4FEE-9C5E-B6D3F1BE567F}.Debug|Any CPU.ActiveCfg = Debug|Any CPU
		{CCCE34F2-D78B-4FEE-9C5E-B6D3F1BE567F}.Debug|Any CPU.Build.0 = Debug|Any CPU
		{CCCE34F2-D78B-4FEE-9C5E-B6D3F1BE567F}.Release|Any CPU.ActiveCfg = Release|Any CPU
		{CCCE34F2-D78B-4FEE-9C5E-B6D3F1BE567F}.Release|Any CPU.Build.0 = Release|Any CPU
		{BF91CA26-0B53-4290-9BD4-7E89366B27B0}.Debug|Any CPU.ActiveCfg = Debug|Any CPU
		{BF91CA26-0B53-4290-9BD4-7E89366B27B0}.Debug|Any CPU.Build.0 = Debug|Any CPU
		{BF91CA26-0B53-4290-9BD4-7E89366B27B0}.Release|Any CPU.ActiveCfg = Release|Any CPU
		{BF91CA26-0B53-4290-9BD4-7E89366B27B0}.Release|Any CPU.Build.0 = Release|Any CPU
	EndGlobalSection
	GlobalSection(SolutionProperties) = preSolution
		HideSolutionNode = FALSE
	EndGlobalSection
	GlobalSection(ExtensibilityGlobals) = postSolution
		SolutionGuid = {89D6BDFE-E12D-42FE-9DC4-E586438A0FFF}
	EndGlobalSection
EndGlobal
